
Microsoft Visual Studio Solution File, Format Version 12.00
# Visual Studio Version 17
VisualStudioVersion = 17.11.35219.272
MinimumVisualStudioVersion = 10.0.40219.1
Project("{FAE04EC0-301F-11D3-BF4B-00C04F79EFBC}") = "WebApplication1", "WebApplication1\WebApplication1.csproj", "{00E51FA4-66EF-430D-A28E-D3764FEF4556}"
EndProject
Global
	GlobalSection(SolutionConfigurationPlatforms) = preSolution
		Debug|Any CPU = Debug|Any CPU
		Release|Any CPU = Release|Any CPU
	EndGlobalSection
	GlobalSection(ProjectConfigurationPlatforms) = postSolution
		{00E51FA4-66EF-430D-A28E-D3764FEF4556}.Debug|Any CPU.ActiveCfg = Debug|Any CPU
		{00E51FA4-66EF-430D-A28E-D3764FEF4556}.Debug|Any CPU.Build.0 = Debug|Any CPU
		{00E51FA4-66EF-430D-A28E-D3764FEF4556}.Release|Any CPU.ActiveCfg = Release|Any CPU
		{00E51FA4-66EF-430D-A28E-D3764FEF4556}.Release|Any CPU.Build.0 = Release|Any CPU
	EndGlobalSection
	GlobalSection(SolutionProperties) = preSolution
		HideSolutionNode = FALSE
	EndGlobalSection
	GlobalSection(ExtensibilityGlobals) = postSolution
		SolutionGuid = {20E4063C-2826-4A56-A3DA-C142B6C1313D}
	EndGlobalSection
EndGlobal
